Microsoft Visual Studio Solution File, Format Version 12.00
# Visual Studio Version 17
VisualStudioVersion = 17.5.2.0
MinimumVisualStudioVersion = 10.0.40219.1
Project("{FAE04EC0-301F-11D3-BF4B-00C04F79EFBC}") = "PolicyAnalyzer", "PolicyAnalyzer.csproj", "{E924019E-1F3C-7011-32A1-2AB5F866E192}"
EndProject
Global
	GlobalSection(SolutionConfigurationPlatforms) = preSolution
		Debug|Any CPU = Debug|Any CPU
		Release|Any CPU = Release|Any CPU
	EndGlobalSection
	GlobalSection(ProjectConfigurationPlatforms) = postSolution
		{E924019E-1F3C-7011-32A1-2AB5F866E192}.Debug|Any CPU.ActiveCfg = Debug|Any CPU
		{E924019E-1F3C-7011-32A1-2AB5F866E192}.Debug|Any CPU.Build.0 = Debug|Any CPU
		{E924019E-1F3C-7011-32A1-2AB5F866E192}.Release|Any CPU.ActiveCfg = Release|Any CPU
		{E924019E-1F3C-7011-32A1-2AB5F866E192}.Release|Any CPU.Build.0 = Release|Any CPU
	EndGlobalSection
	GlobalSection(SolutionProperties) = preSolution
		HideSolutionNode = FALSE
	EndGlobalSection
	GlobalSection(ExtensibilityGlobals) = postSolution
		SolutionGuid = {569AFB66-A222-4F29-B2DF-A825E3DC1494}
	EndGlobalSection
EndGlobal
